apispec==5.2.2
arrow==1.2.2
astroid==2.9.3
async-generator==1.10
attrs==21.4.0
beautifulsoup4==4.10.0
certifi==2021.10.8
cffi==1.15.0
charset-normalizer==2.0.12
click==8.0.4
contextlib2==21.6.0
coverage==6.3.1
cpe==1.2.1
cryptography==36.0.1
defusedxml==0.7.1
elastic-transport==8.0.1
elasticsearch==8.0.0
factory-boy==3.2.1
Faker==13.0.0
fido2==0.9.3
file-magic==0.4.0
flake8==4.0.1
Flask==2.0.3
Flask-Login==0.5.0
flask-smorest==0.38.0
Flask-SQLAlchemy==2.5.1
Flask-WTF==1.0.0
greenlet==1.1.2
gunicorn==20.1.0
h11==0.13.0
idna==3.3
inflection==0.5.1
iniconfig==1.1.1
isort==5.10.1
itsdangerous==2.1.0
Jinja2==3.0.3
jsonschema==4.4.0
lark-parser==0.12.0
lazy-object-proxy==1.7.1
littletable==2.0.7
lxml==4.8.0
MarkupSafe==2.1.0
marshmallow==3.14.1
mccabe==0.6.1
outcome==1.1.0
packaging==21.3
pkg_resources==0.0.0
platformdirs==2.5.1
pluggy==1.0.0
psycopg2==2.9.3
py==1.11.0
pycodestyle==2.8.0
pycparser==2.21
pyflakes==2.4.0
pylint==2.12.2
pyOpenSSL==22.0.0
pyparsing==3.0.7
pyrsistent==0.18.1
pyTenable==1.4.3
pytest==7.0.1
pytest-base-url==1.4.2
pytest-factoryboy==2.1.0
pytest-flask==1.2.0
pytest-html==3.1.1
pytest-httpserver==1.0.4
pytest-metadata==1.11.0
pytest-selenium==2.0.1
pytest-variables==1.9.0
python-box==5.4.1
python-dateutil==2.8.2
python-libnmap @ git+https://github.com/bodik/python-libnmap@9a40fe62bd27ebcad8e7bf7d88a4a65b3d7d20ee
pytimeparse==1.1.8
PyYAML==6.0
requests==2.27.1
restfly==1.4.5
schema==0.7.5
selenium==4.1.0
semver==2.13.0
six==1.16.0
sniffio==1.2.0
soft-webauthn==0.1.2
sortedcontainers==2.4.0
soupsieve==2.3.1
SQLAlchemy==1.4.31
sqlalchemy-datatables==2.0.1
sqlalchemy-filters @ git+https://github.com/bodik/sqlalchemy-filters@68f66a88c5fc842daf56f226f6a1d0e60c1381da
tenacity==6.3.1
toml==0.10.2
tomli==2.0.1
trio==0.19.0
trio-websocket==0.9.2
typing_extensions==4.1.1
urllib3==1.26.8
waitress==2.0.0
webargs==8.1.0
WebOb==1.8.7
WebTest==3.0.0
Werkzeug==2.0.3
wrapt==1.13.3
wsproto==1.0.0
WTForms==3.0.1
