alembic==1.8.0
apispec==5.2.2
arrow==1.2.2
astroid==2.11.6
attrs==21.4.0
Authlib==1.2.1
beautifulsoup4==4.11.1
certifi==2022.6.15
cffi==1.15.1
charset-normalizer==2.1.0
click==8.1.3
contextlib2==21.6.0
coverage==7.2.7
coverage-conditional-plugin==0.9.0
cpe==1.2.1
cryptography==37.0.4
defusedxml==0.7.1
dill==0.3.5.1
elastic-transport==8.1.2
elasticsearch==8.3.1
factory-boy==3.2.1
Faker==13.15.0
fido2==1.0.0
file-magic==0.4.0
flake8==4.0.1
Flask==2.1.2
Flask-Login==0.6.1
Flask-Migrate==3.1.0
flask-smorest==0.38.1
Flask-SQLAlchemy==2.5.1
Flask-WTF==1.0.1
greenlet==3.0.0
gunicorn==20.1.0
idna==3.3
importlib-metadata==4.12.0
inflection==0.5.1
iniconfig==1.1.1
isort==5.10.1
itsdangerous==2.1.2
Jinja2==3.1.2
lark-parser==0.12.0
lazy-object-proxy==1.7.1
littletable==2.0.7
lxml==4.9.1
Mako==1.2.1
MarkupSafe==2.1.1
marshmallow==3.17.0
mccabe==0.6.1
packaging==21.3
platformdirs==2.5.2
pluggy==1.0.0
psycopg2==2.9.3
py==1.11.0
pycodestyle==2.8.0
pycparser==2.21
pyflakes==2.4.0
pylint==2.14.4
pyparsing==3.0.9
pyroute2==0.7.12
pyTenable==1.4.7
pytest==6.2.5
pytest-base-url==1.4.2
pytest-factoryboy==2.5.0
pytest-flask==1.2.0
pytest-html==3.1.1
pytest-httpserver==1.0.4
pytest-metadata==2.0.4
pytest-selenium==3.0.0
pytest-variables==1.9.0
python-box==6.0.2
python-dateutil==2.8.2
python-libnmap @ git+https://github.com/bodik/python-libnmap@9a40fe62bd27ebcad8e7bf7d88a4a65b3d7d20ee
pytimeparse==1.1.8
PyYAML==6.0
requests==2.28.1
restfly==1.4.6
schema==0.7.5
selenium==3.141.0
semver==2.13.0
six==1.16.0
soft-webauthn==0.1.4
soupsieve==2.3.2.post1
SQLAlchemy==1.4.39
sqlalchemy-datatables==2.0.1
sqlalchemy-filters @ git+https://github.com/bodik/sqlalchemy-filters@3c7a1c502fda4de82848daa77cce81ca5af0c64d
tenacity==6.3.1
toml==0.10.2
tomli==2.0.1
tomlkit==0.11.1
typing-extensions==4.3.0
urllib3==1.26.10
waitress==2.1.2
webargs==8.1.0
WebOb==1.8.7
WebTest==3.0.0
Werkzeug==2.1.2
wrapt==1.14.1
WTForms==3.0.1
zipp==3.8.0
